
Microsoft Visual Studio Solution File, Format Version 12.00
# Visual Studio Version 17
VisualStudioVersion = 17.0.32112.339
MinimumVisualStudioVersion = 10.0.40219.1
Project("{FAE04EC0-301F-11D3-BF4B-00C04F79EFBC}") = "MovieProject", "MovieProject.csproj", "{D645416B-CFA5-4B4C-8C08-99689ECC3E66}"
EndProject
Global
	GlobalSection(SolutionConfigurationPlatforms) = preSolution
		Debug|Any CPU = Debug|Any CPU
		Release|Any CPU = Release|Any CPU
	EndGlobalSection
	GlobalSection(ProjectConfigurationPlatforms) = postSolution
		{D645416B-CFA5-4B4C-8C08-99689ECC3E66}.Debug|Any CPU.ActiveCfg = Debug|Any CPU
		{D645416B-CFA5-4B4C-8C08-99689ECC3E66}.Debug|Any CPU.Build.0 = Debug|Any CPU
		{D645416B-CFA5-4B4C-8C08-99689ECC3E66}.Release|Any CPU.ActiveCfg = Release|Any CPU
		{D645416B-CFA5-4B4C-8C08-99689ECC3E66}.Release|Any CPU.Build.0 = Release|Any CPU
	EndGlobalSection
	GlobalSection(SolutionProperties) = preSolution
		HideSolutionNode = FALSE
	EndGlobalSection
	GlobalSection(ExtensibilityGlobals) = postSolution
		SolutionGuid = {CCCB89D5-D68F-4AFB-AA68-643F4E110826}
	EndGlobalSection
EndGlobal
